
Microsoft Visual Studio Solution File, Format Version 12.00
# Visual Studio 14
VisualStudioVersion = 14.0.25123.0
MinimumVisualStudioVersion = 10.0.40219.1
Project("{FAE04EC0-301F-11D3-BF4B-00C04F79EFBC}") = "BotCake", "BotCake\BotCake.csproj", "{3C43CA4D-38E2-4C72-90EA-250483BE8186}"
EndProject
Project("{FAE04EC0-301F-11D3-BF4B-00C04F79EFBC}") = "BotCake.Demo", "BotCake.Demo\BotCake.Demo.csproj", "{74294744-A64F-4AF4-B2C7-9EDB17741EA8}"
EndProject
Project("{FF286327-C783-4F7A-AB73-9BCBAD0D4460}") = "BotCake.NuGet", "BotCake.NuGet\BotCake.NuGet.nuproj", "{DDDEA0AD-1082-4516-9A2C-79F458A01AC9}"
EndProject
Global
	GlobalSection(SolutionConfigurationPlatforms) = preSolution
		Debug|Any CPU = Debug|Any CPU
		Release|Any CPU = Release|Any CPU
	EndGlobalSection
	GlobalSection(ProjectConfigurationPlatforms) = postSolution
		{3C43CA4D-38E2-4C72-90EA-250483BE8186}.Debug|Any CPU.ActiveCfg = Debug|Any CPU
		{3C43CA4D-38E2-4C72-90EA-250483BE8186}.Debug|Any CPU.Build.0 = Debug|Any CPU
		{3C43CA4D-38E2-4C72-90EA-250483BE8186}.Release|Any CPU.ActiveCfg = Release|Any CPU
		{3C43CA4D-38E2-4C72-90EA-250483BE8186}.Release|Any CPU.Build.0 = Release|Any CPU
		{74294744-A64F-4AF4-B2C7-9EDB17741EA8}.Debug|Any CPU.ActiveCfg = Debug|Any CPU
		{74294744-A64F-4AF4-B2C7-9EDB17741EA8}.Debug|Any CPU.Build.0 = Debug|Any CPU
		{74294744-A64F-4AF4-B2C7-9EDB17741EA8}.Release|Any CPU.ActiveCfg = Release|Any CPU
		{74294744-A64F-4AF4-B2C7-9EDB17741EA8}.Release|Any CPU.Build.0 = Release|Any CPU
		{DDDEA0AD-1082-4516-9A2C-79F458A01AC9}.Debug|Any CPU.ActiveCfg = Debug|Any CPU
		{DDDEA0AD-1082-4516-9A2C-79F458A01AC9}.Debug|Any CPU.Build.0 = Debug|Any CPU
		{DDDEA0AD-1082-4516-9A2C-79F458A01AC9}.Release|Any CPU.ActiveCfg = Release|Any CPU
		{DDDEA0AD-1082-4516-9A2C-79F458A01AC9}.Release|Any CPU.Build.0 = Release|Any CPU
	EndGlobalSection
	GlobalSection(SolutionProperties) = preSolution
		HideSolutionNode = FALSE
	EndGlobalSection
EndGlobal
